
Microsoft Visual Studio Solution File, Format Version 12.00
# Visual Studio 15
VisualStudioVersion = 15.0.28010.2036
MinimumVisualStudioVersion = 10.0.40219.1
Project("{FAE04EC0-301F-11D3-BF4B-00C04F79EFBC}") = "ConsoleApp1", "ConsoleApp1\ConsoleApp1.csproj", "{7DDBD04C-6576-4198-87CB-C2565EDC5FF8}"
EndProject
Global
	GlobalSection(SolutionConfigurationPlatforms) = preSolution
		Debug|Any CPU = Debug|Any CPU
		Release|Any CPU = Release|Any CPU
	EndGlobalSection
	GlobalSection(ProjectConfigurationPlatforms) = postSolution
		{7DDBD04C-6576-4198-87CB-C2565EDC5FF8}.Debug|Any CPU.ActiveCfg = Debug|Any CPU
		{7DDBD04C-6576-4198-87CB-C2565EDC5FF8}.Debug|Any CPU.Build.0 = Debug|Any CPU
		{7DDBD04C-6576-4198-87CB-C2565EDC5FF8}.Release|Any CPU.ActiveCfg = Release|Any CPU
		{7DDBD04C-6576-4198-87CB-C2565EDC5FF8}.Release|Any CPU.Build.0 = Release|Any CPU
	EndGlobalSection
	GlobalSection(SolutionProperties) = preSolution
		HideSolutionNode = FALSE
	EndGlobalSection
	GlobalSection(ExtensibilityGlobals) = postSolution
		SolutionGuid = {C9348204-0E16-4B3D-9EE2-672DA0D5DC30}
	EndGlobalSection
EndGlobal
